
Microsoft Visual Studio Solution File, Format Version 12.00
# Visual Studio Version 17
VisualStudioVersion = 17.5.002.0
MinimumVisualStudioVersion = 10.0.40219.1
Project("{9A19103F-16F7-4668-BE54-9A1E7A4F7556}") = "MyWebStore", "MyWebStore\MyWebStore.csproj", "{7782E241-F11E-4939-BCEA-F0F90F74F462}"
EndProject
Global
	GlobalSection(SolutionConfigurationPlatforms) = preSolution
		Debug|Any CPU = Debug|Any CPU
		Release|Any CPU = Release|Any CPU
	EndGlobalSection
	GlobalSection(ProjectConfigurationPlatforms) = postSolution
		{7782E241-F11E-4939-BCEA-F0F90F74F462}.Debug|Any CPU.ActiveCfg = Debug|Any CPU
		{7782E241-F11E-4939-BCEA-F0F90F74F462}.Debug|Any CPU.Build.0 = Debug|Any CPU
		{7782E241-F11E-4939-BCEA-F0F90F74F462}.Release|Any CPU.ActiveCfg = Release|Any CPU
		{7782E241-F11E-4939-BCEA-F0F90F74F462}.Release|Any CPU.Build.0 = Release|Any CPU
	EndGlobalSection
	GlobalSection(SolutionProperties) = preSolution
		HideSolutionNode = FALSE
	EndGlobalSection
	GlobalSection(ExtensibilityGlobals) = postSolution
		SolutionGuid = {8A1C874A-E41A-4D50-8886-5AD793C69161}
	EndGlobalSection
EndGlobal
